// !$*UTF8*$!
{
	archiveVersion = 1;
	classes = {
	};
	objectVersion = 50;
	objects = {

/* Begin PBXBuildFile section */
		FA421FDE25F295E000016C08 /* README.md in Resources */ = {isa = PBXBuildFile; fileRef = FA421FDD25F295E000016C08 /* README.md */; };
		FA42595225FB79D20004D1BE /* simulator.gif in Resources */ = {isa = PBXBuildFile; fileRef = FA42595125FB79D20004D1BE /* simulator.gif */; };
		FAF2EBEE25F24833005EE4FE /* WrappingFormApp.swift in Sources */ = {isa = PBXBuildFile; fileRef = FAF2EBED25F24833005EE4FE /* WrappingFormApp.swift */; };
		FAF2EBF025F24833005EE4FE /* LoginView.swift in Sources */ = {isa = PBXBuildFile; fileRef = FAF2EBEF25F24833005EE4FE /* LoginView.swift */; };
		FAF2EBF225F24834005EE4FE /* Assets.xcassets in Resources */ = {isa = PBXBuildFile; fileRef = FAF2EBF125F24834005EE4FE /* Assets.xcassets */; };
		FAF2EBF525F24834005EE4FE /* Preview Assets.xcassets in Resources */ = {isa = PBXBuildFile; fileRef = FAF2EBF425F24834005EE4FE /* Preview Assets.xcassets */; };
		FAF2EBFE25F24860005EE4FE /* PropertyWrappers.swift in Sources */ = {isa = PBXBuildFile; fileRef = FAF2EBFD25F24860005EE4FE /* PropertyWrappers.swift */; };
		FAF2EC0725F248D2005EE4FE /* Credentials.swift in Sources */ = {isa = PBXBuildFile; fileRef = FAF2EC0625F248D2005EE4FE /* Credentials.swift */; };
		FAF2EC0B25F24901005EE4FE /* Validator.swift in Sources */ = {isa = PBXBuildFile; fileRef = FAF2EC0A25F24901005EE4FE /* Validator.swift */; };
		FAF2EC1325F26506005EE4FE /* ButtonStyle-Rounded.swift in Sources */ = {isa = PBXBuildFile; fileRef = FAF2EC1225F26506005EE4FE /* ButtonStyle-Rounded.swift */; };
		FAF2EC2725F26CEC005EE4FE /* CustomTextField.swift in Sources */ = {isa = PBXBuildFile; fileRef = FAF2EC2625F26CEC005EE4FE /* CustomTextField.swift */; };
/* End PBXBuildFile section */

/* Begin PBXFileReference section */
		FA421FDD25F295E000016C08 /* README.md */ = {isa = PBXFileReference; fileEncoding = 4; lastKnownFileType = net.daringfireball.markdown; path = README.md; sourceTree = "<group>"; };
		FA42595125FB79D20004D1BE /* simulator.gif */ = {isa = PBXFileReference; lastKnownFileType = image.gif; path = simulator.gif; sourceTree = "<group>"; };
		FAF2EBEA25F24833005EE4FE /* WrappingForm.app */ = {isa = PBXFileReference; explicitFileType = wrapper.application; includeInIndex = 0; path = WrappingForm.app; sourceTree = BUILT_PRODUCTS_DIR; };
		FAF2EBED25F24833005EE4FE /* WrappingFormApp.swift */ = {isa = PBXFileReference; lastKnownFileType = sourcecode.swift; path = WrappingFormApp.swift; sourceTree = "<group>"; };
		FAF2EBEF25F24833005EE4FE /* LoginView.swift */ = {isa = PBXFileReference; lastKnownFileType = sourcecode.swift; path = LoginView.swift; sourceTree = "<group>"; };
		FAF2EBF125F24834005EE4FE /* Assets.xcassets */ = {isa = PBXFileReference; lastKnownFileType = folder.assetcatalog; path = Assets.xcassets; sourceTree = "<group>"; };
		FAF2EBF425F24834005EE4FE /* Preview Assets.xcassets */ = {isa = PBXFileReference; lastKnownFileType = folder.assetcatalog; path = "Preview Assets.xcassets"; sourceTree = "<group>"; };
		FAF2EBF625F24834005EE4FE /* Info.plist */ = {isa = PBXFileReference; lastKnownFileType = text.plist.xml; path = Info.plist; sourceTree = "<group>"; };
		FAF2EBFD25F24860005EE4FE /* PropertyWrappers.swift */ = {isa = PBXFileReference; lastKnownFileType = sourcecode.swift; path = PropertyWrappers.swift; sourceTree = "<group>"; };
		FAF2EC0625F248D2005EE4FE /* Credentials.swift */ = {isa = PBXFileReference; lastKnownFileType = sourcecode.swift; path = Credentials.swift; sourceTree = "<group>"; };
		FAF2EC0A25F24901005EE4FE /* Validator.swift */ = {isa = PBXFileReference; lastKnownFileType = sourcecode.swift; path = Validator.swift; sourceTree = "<group>"; };
		FAF2EC1225F26506005EE4FE /* ButtonStyle-Rounded.swift */ = {isa = PBXFileReference; lastKnownFileType = sourcecode.swift; path = "ButtonStyle-Rounded.swift"; sourceTree = "<group>"; };
		FAF2EC2625F26CEC005EE4FE /* CustomTextField.swift */ = {isa = PBXFileReference; lastKnownFileType = sourcecode.swift; path = CustomTextField.swift; sourceTree = "<group>"; };
/* End PBXFileReference section */

/* Begin PBXFrameworksBuildPhase section */
		FAF2EBE725F24833005EE4FE /* Frameworks */ = {
			isa = PBXFrameworksBuildPhase;
			buildActionMask = 2147483647;
			files = (
			);
			runOnlyForDeploymentPostprocessing = 0;
		};
/* End PBXFrameworksBuildPhase section */

/* Begin PBXGroup section */
		FAF2EBE125F24833005EE4FE = {
			isa = PBXGroup;
			children = (
				FA421FDD25F295E000016C08 /* README.md */,
				FA42595125FB79D20004D1BE /* simulator.gif */,
				FAF2EBEC25F24833005EE4FE /* WrappingForm */,
				FAF2EBEB25F24833005EE4FE /* Products */,
			);
			sourceTree = "<group>";
		};
		FAF2EBEB25F24833005EE4FE /* Products */ = {
			isa = PBXGroup;
			children = (
				FAF2EBEA25F24833005EE4FE /* WrappingForm.app */,
			);
			name = Products;
			sourceTree = "<group>";
		};
		FAF2EBEC25F24833005EE4FE /* WrappingForm */ = {
			isa = PBXGroup;
			children = (
				FAF2EBED25F24833005EE4FE /* WrappingFormApp.swift */,
				FAF2EC0625F248D2005EE4FE /* Credentials.swift */,
				FAF2EC2625F26CEC005EE4FE /* CustomTextField.swift */,
				FAF2EBEF25F24833005EE4FE /* LoginView.swift */,
				FAF2EC0A25F24901005EE4FE /* Validator.swift */,
				FAF2EBFD25F24860005EE4FE /* PropertyWrappers.swift */,
				FAF2EC1825F26591005EE4FE /* Extensions */,
				FAF2EC1B25F2660A005EE4FE /* Supporting files */,
			);
			path = WrappingForm;
			sourceTree = "<group>";
		};
		FAF2EBF325F24834005EE4FE /* Preview Content */ = {
			isa = PBXGroup;
			children = (
				FAF2EBF425F24834005EE4FE /* Preview Assets.xcassets */,
			);
			path = "Preview Content";
			sourceTree = "<group>";
		};
		FAF2EC1825F26591005EE4FE /* Extensions */ = {
			isa = PBXGroup;
			children = (
				FAF2EC1225F26506005EE4FE /* ButtonStyle-Rounded.swift */,
			);
			path = Extensions;
			sourceTree = "<group>";
		};
		FAF2EC1B25F2660A005EE4FE /* Supporting files */ = {
			isa = PBXGroup;
			children = (
				FAF2EBF125F24834005EE4FE /* Assets.xcassets */,
				FAF2EBF625F24834005EE4FE /* Info.plist */,
				FAF2EBF325F24834005EE4FE /* Preview Content */,
			);
			path = "Supporting files";
			sourceTree = "<group>";
		};
/* End PBXGroup section */

/* Begin PBXNativeTarget section */
		FAF2EBE925F24833005EE4FE /* WrappingForm */ = {
			isa = PBXNativeTarget;
			buildConfigurationList = FAF2EBF925F24834005EE4FE /* Build configuration list for PBXNativeTarget "WrappingForm" */;
			buildPhases = (
				FAF2EBE625F24833005EE4FE /* Sources */,
				FAF2EBE725F24833005EE4FE /* Frameworks */,
				FAF2EBE825F24833005EE4FE /* Resources */,
			);
			buildRules = (
			);
			dependencies = (
			);
			name = WrappingForm;
			productName = WrappingForm;
			productReference = FAF2EBEA25F24833005EE4FE /* WrappingForm.app */;
			productType = "com.apple.product-type.application";
		};
/* End PBXNativeTarget section */

/* Begin PBXProject section */
		FAF2EBE225F24833005EE4FE /* Project object */ = {
			isa = PBXProject;
			attributes = {
				LastSwiftUpdateCheck = 1240;
				LastUpgradeCheck = 1240;
				TargetAttributes = {
					FAF2EBE925F24833005EE4FE = {
						CreatedOnToolsVersion = 12.4;
					};
				};
			};
			buildConfigurationList = FAF2EBE525F24833005EE4FE /* Build configuration list for PBXProject "WrappingForm" */;
			compatibilityVersion = "Xcode 9.3";
			developmentRegion = en;
			hasScannedForEncodings = 0;
			knownRegions = (
				en,
				Base,
			);
			mainGroup = FAF2EBE125F24833005EE4FE;
			productRefGroup = FAF2EBEB25F24833005EE4FE /* Products */;
			projectDirPath = "";
			projectRoot = "";
			targets = (
				FAF2EBE925F24833005EE4FE /* WrappingForm */,
			);
		};
/* End PBXProject section */

/* Begin PBXResourcesBuildPhase section */
		FAF2EBE825F24833005EE4FE /* Resources */ = {
			isa = PBXResourcesBuildPhase;
			buildActionMask = 2147483647;
			files = (
				FA421FDE25F295E000016C08 /* README.md in Resources */,
				FA42595225FB79D20004D1BE /* simulator.gif in Resources */,
				FAF2EBF525F24834005EE4FE /* Preview Assets.xcassets in Resources */,
				FAF2EBF225F24834005EE4FE /* Assets.xcassets in Resources */,
			);
			runOnlyForDeploymentPostprocessing = 0;
		};
/* End PBXResourcesBuildPhase section */

/* Begin PBXSourcesBuildPhase section */
		FAF2EBE625F24833005EE4FE /* Sources */ = {
			isa = PBXSourcesBuildPhase;
			buildActionMask = 2147483647;
			files = (
				FAF2EC0B25F24901005EE4FE /* Validator.swift in Sources */,
				FAF2EBF025F24833005EE4FE /* LoginView.swift in Sources */,
				FAF2EC1325F26506005EE4FE /* ButtonStyle-Rounded.swift in Sources */,
				FAF2EBEE25F24833005EE4FE /* WrappingFormApp.swift in Sources */,
				FAF2EC2725F26CEC005EE4FE /* CustomTextField.swift in Sources */,
				FAF2EC0725F248D2005EE4FE /* Credentials.swift in Sources */,
				FAF2EBFE25F24860005EE4FE /* PropertyWrappers.swift in Sources */,
			);
			runOnlyForDeploymentPostprocessing = 0;
		};
/* End PBXSourcesBuildPhase section */

/* Begin XCBuildConfiguration section */
		FAF2EBF725F24834005EE4FE /* Debug */ = {
			isa = XCBuildConfiguration;
			buildSettings = {
				ALWAYS_SEARCH_USER_PATHS = NO;
				CLANG_ANALYZER_NONNULL = YES;
				CLANG_ANALYZER_NUMBER_OBJECT_CONVERSION = YES_AGGRESSIVE;
				CLANG_CXX_LANGUAGE_STANDARD = "gnu++14";
				CLANG_CXX_LIBRARY = "libc++";
				CLANG_ENABLE_MODULES = YES;
				CLANG_ENABLE_OBJC_ARC = YES;
				CLANG_ENABLE_OBJC_WEAK = YES;
				CLANG_WARN_BLOCK_CAPTURE_AUTORELEASING = YES;
				CLANG_WARN_BOOL_CONVERSION = YES;
				CLANG_WARN_COMMA = YES;
				CLANG_WARN_CONSTANT_CONVERSION = YES;
				CLANG_WARN_DEPRECATED_OBJC_IMPLEMENTATIONS = YES;
				CLANG_WARN_DIRECT_OBJC_ISA_USAGE = YES_ERROR;
				CLANG_WARN_DOCUMENTATION_COMMENTS = YES;
				CLANG_WARN_EMPTY_BODY = YES;
				CLANG_WARN_ENUM_CONVERSION = YES;
				CLANG_WARN_INFINITE_RECURSION = YES;
				CLANG_WARN_INT_CONVERSION = YES;
				CLANG_WARN_NON_LITERAL_NULL_CONVERSION = YES;
				CLANG_WARN_OBJC_IMPLICIT_RETAIN_SELF = YES;
				CLANG_WARN_OBJC_LITERAL_CONVERSION = YES;
				CLANG_WARN_OBJC_ROOT_CLASS = YES_ERROR;
				CLANG_WARN_QUOTED_INCLUDE_IN_FRAMEWORK_HEADER = YES;
				CLANG_WARN_RANGE_LOOP_ANALYSIS = YES;
				CLANG_WARN_STRICT_PROTOTYPES = YES;
				CLANG_WARN_SUSPICIOUS_MOVE = YES;
				CLANG_WARN_UNGUARDED_AVAILABILITY = YES_AGGRESSIVE;
				CLANG_WARN_UNREACHABLE_CODE = YES;
				CLANG_WARN__DUPLICATE_METHOD_MATCH = YES;
				COPY_PHASE_STRIP = NO;
				DEBUG_INFORMATION_FORMAT = dwarf;
				ENABLE_STRICT_OBJC_MSGSEND = YES;
				ENABLE_TESTABILITY = YES;
				GCC_C_LANGUAGE_STANDARD = gnu11;
				GCC_DYNAMIC_NO_PIC = NO;
				GCC_NO_COMMON_BLOCKS = YES;
				GCC_OPTIMIZATION_LEVEL = 0;
				GCC_PREPROCESSOR_DEFINITIONS = (
					"DEBUG=1",
					"$(inherited)",
				);
				GCC_WARN_64_TO_32_BIT_CONVERSION = YES;
				GCC_WARN_ABOUT_RETURN_TYPE = YES_ERROR;
				GCC_WARN_UNDECLARED_SELECTOR = YES;
				GCC_WARN_UNINITIALIZED_AUTOS = YES_AGGRESSIVE;
				GCC_WARN_UNUSED_FUNCTION = YES;
				GCC_WARN_UNUSED_VARIABLE = YES;
				IPHONEOS_DEPLOYMENT_TARGET = 14.4;
				MTL_ENABLE_DEBUG_INFO = INCLUDE_SOURCE;
				MTL_FAST_MATH = YES;
				ONLY_ACTIVE_ARCH = YES;
				SDKROOT = iphoneos;
				SWIFT_ACTIVE_COMPILATION_CONDITIONS = DEBUG;
				SWIFT_OPTIMIZATION_LEVEL = "-Onone";
			};
			name = Debug;
		};
		FAF2EBF825F24834005EE4FE /* Release */ = {
			isa = XCBuildConfiguration;
			buildSettings = {
				ALWAYS_SEARCH_USER_PATHS = NO;
				CLANG_ANALYZER_NONNULL = YES;
				CLANG_ANALYZER_NUMBER_OBJECT_CONVERSION = YES_AGGRESSIVE;
				CLANG_CXX_LANGUAGE_STANDARD = "gnu++14";
				CLANG_CXX_LIBRARY = "libc++";
				CLANG_ENABLE_MODULES = YES;
				CLANG_ENABLE_OBJC_ARC = YES;
				CLANG_ENABLE_OBJC_WEAK = YES;
				CLANG_WARN_BLOCK_CAPTURE_AUTORELEASING = YES;
				CLANG_WARN_BOOL_CONVERSION = YES;
				CLANG_WARN_COMMA = YES;
				CLANG_WARN_CONSTANT_CONVERSION = YES;
				CLANG_WARN_DEPRECATED_OBJC_IMPLEMENTATIONS = YES;
				CLANG_WARN_DIRECT_OBJC_ISA_USAGE = YES_ERROR;
				CLANG_WARN_DOCUMENTATION_COMMENTS = YES;
				CLANG_WARN_EMPTY_BODY = YES;
				CLANG_WARN_ENUM_CONVERSION = YES;
				CLANG_WARN_INFINITE_RECURSION = YES;
				CLANG_WARN_INT_CONVERSION = YES;
				CLANG_WARN_NON_LITERAL_NULL_CONVERSION = YES;
				CLANG_WARN_OBJC_IMPLICIT_RETAIN_SELF = YES;
				CLANG_WARN_OBJC_LITERAL_CONVERSION = YES;
				CLANG_WARN_OBJC_ROOT_CLASS = YES_ERROR;
				CLANG_WARN_QUOTED_INCLUDE_IN_FRAMEWORK_HEADER = YES;
				CLANG_WARN_RANGE_LOOP_ANALYSIS = YES;
				CLANG_WARN_STRICT_PROTOTYPES = YES;
				CLANG_WARN_SUSPICIOUS_MOVE = YES;
				CLANG_WARN_UNGUARDED_AVAILABILITY = YES_AGGRESSIVE;
				CLANG_WARN_UNREACHABLE_CODE = YES;
				CLANG_WARN__DUPLICATE_METHOD_MATCH = YES;
				COPY_PHASE_STRIP = NO;
				DEBUG_INFORMATION_FORMAT = "dwarf-with-dsym";
				ENABLE_NS_ASSERTIONS = NO;
				ENABLE_STRICT_OBJC_MSGSEND = YES;
				GCC_C_LANGUAGE_STANDARD = gnu11;
				GCC_NO_COMMON_BLOCKS = YES;
				GCC_WARN_64_TO_32_BIT_CONVERSION = YES;
				GCC_WARN_ABOUT_RETURN_TYPE = YES_ERROR;
				GCC_WARN_UNDECLARED_SELECTOR = YES;
				GCC_WARN_UNINITIALIZED_AUTOS = YES_AGGRESSIVE;
				GCC_WARN_UNUSED_FUNCTION = YES;
				GCC_WARN_UNUSED_VARIABLE = YES;
				IPHONEOS_DEPLOYMENT_TARGET = 14.4;
				MTL_ENABLE_DEBUG_INFO = NO;
				MTL_FAST_MATH = YES;
				SDKROOT = iphoneos;
				SWIFT_COMPILATION_MODE = wholemodule;
				SWIFT_OPTIMIZATION_LEVEL = "-O";
				VALIDATE_PRODUCT = YES;
			};
			name = Release;
		};
		FAF2EBFA25F24834005EE4FE /* Debug */ = {
			isa = XCBuildConfiguration;
			buildSettings = {
				ASSETCATALOG_COMPILER_APPICON_NAME = AppIcon;
				ASSETCATALOG_COMPILER_GLOBAL_ACCENT_COLOR_NAME = AccentColor;
				CODE_SIGN_STYLE = Automatic;
				DEVELOPMENT_ASSET_PATHS = "\"WrappingForm/Supporting files/Preview Content\"";
				DEVELOPMENT_TEAM = GSV34WR9PC;
				ENABLE_PREVIEWS = YES;
				INFOPLIST_FILE = "WrappingForm/Supporting files/Info.plist";
				IPHONEOS_DEPLOYMENT_TARGET = 14.0;
				LD_RUNPATH_SEARCH_PATHS = (
					"$(inherited)",
					"@executable_path/Frameworks",
				);
				PRODUCT_BUNDLE_IDENTIFIER = com.as.WrappingForm;
				PRODUCT_NAME = "$(TARGET_NAME)";
				SWIFT_VERSION = 5.0;
				TARGETED_DEVICE_FAMILY = 1;
			};
			name = Debug;
		};
		FAF2EBFB25F24834005EE4FE /* Release */ = {
			isa = XCBuildConfiguration;
			buildSettings = {
				ASSETCATALOG_COMPILER_APPICON_NAME = AppIcon;
				ASSETCATALOG_COMPILER_GLOBAL_ACCENT_COLOR_NAME = AccentColor;
				CODE_SIGN_STYLE = Automatic;
				DEVELOPMENT_ASSET_PATHS = "\"WrappingForm/Supporting files/Preview Content\"";
				DEVELOPMENT_TEAM = GSV34WR9PC;
				ENABLE_PREVIEWS = YES;
				INFOPLIST_FILE = "WrappingForm/Supporting files/Info.plist";
				IPHONEOS_DEPLOYMENT_TARGET = 14.0;
				LD_RUNPATH_SEARCH_PATHS = (
					"$(inherited)",
					"@executable_path/Frameworks",
				);
				PRODUCT_BUNDLE_IDENTIFIER = com.as.WrappingForm;
				PRODUCT_NAME = "$(TARGET_NAME)";
				SWIFT_VERSION = 5.0;
				TARGETED_DEVICE_FAMILY = 1;
			};
			name = Release;
		};
/* End XCBuildConfiguration section */

/* Begin XCConfigurationList section */
		FAF2EBE525F24833005EE4FE /* Build configuration list for PBXProject "WrappingForm" */ = {
			isa = XCConfigurationList;
			buildConfigurations = (
				FAF2EBF725F24834005EE4FE /* Debug */,
				FAF2EBF825F24834005EE4FE /* Release */,
			);
			defaultConfigurationIsVisible = 0;
			defaultConfigurationName = Release;
		};
		FAF2EBF925F24834005EE4FE /* Build configuration list for PBXNativeTarget "WrappingForm" */ = {
			isa = XCConfigurationList;
			buildConfigurations = (
				FAF2EBFA25F24834005EE4FE /* Debug */,
				FAF2EBFB25F24834005EE4FE /* Release */,
			);
			defaultConfigurationIsVisible = 0;
			defaultConfigurationName = Release;
		};
/* End XCConfigurationList section */
	};
	rootObject = FAF2EBE225F24833005EE4FE /* Project object */;
}
